<?xml version="1.0" encoding="UTF-8" standalone="yes" ?>
<CodeBlocks_project_file>
	<FileVersion major="1" minor="6" />
	<Project>
		<Option title="ConfHUD" />
		<Option pch_mode="2" />
		<Option compiler="gcc" />
		<Build>
			<Target title="default">
				<Option output="confhud" prefix_auto="1" extension_auto="1" />
				<Option type="0" />
				<Option compiler="gcc" />
				<Compiler>
					<Add option="-W" />
					<Add option="-g" />
				</Compiler>
			</Target>
		</Build>
		<Compiler>
			<Add option="-O3" />
			<Add option="-W" />
			<Add option="-Wall" />
			<Add option="-g" />
			<Add option="-Dmain=SDL_main" />
			<Add directory="C:\source\git\ConfHUD\src" />
		</Compiler>
		<Linker>
			<Add option="pcre.dll" />
			<Add option="ftgl.dll" />
			<Add library="mingw32" />
			<Add library="pcre" />
			<Add library="SDLmain" />
			<Add library="SDL" />
			<Add library="opengl32" />
			<Add library="SDL_image" />
			<Add library="glu32" />
		</Linker>
		<Unit filename="src\confhud.cpp" />
		<Unit filename="src\confhud.h" />
		<Unit filename="src\core\bounds.h" />
		<Unit filename="src\core\camera.cpp" />
		<Unit filename="src\core\camera.h" />
		<Unit filename="src\core\conffile.cpp" />
		<Unit filename="src\core\conffile.h" />
		<Unit filename="src\core\display.cpp" />
		<Unit filename="src\core\display.h" />
		<Unit filename="src\core\extensions.cpp" />
		<Unit filename="src\core\extensions.h" />
		<Unit filename="src\core\fontpack.h" />
		<Unit filename="src\core\frustum.cpp" />
		<Unit filename="src\core\frustum.h" />
		<Unit filename="src\core\fxfont.cpp" />
		<Unit filename="src\core\fxfont.h" />
		<Unit filename="src\core\logger.cpp" />
		<Unit filename="src\core\logger.h" />
		<Unit filename="src\core\pi.h" />
		<Unit filename="src\core\plane.cpp" />
		<Unit filename="src\core\plane.h" />
		<Unit filename="src\core\quadtree.cpp" />
		<Unit filename="src\core\quadtree.h" />
		<Unit filename="src\core\regex.cpp" />
		<Unit filename="src\core\regex.h" />
		<Unit filename="src\core\resource.cpp" />
		<Unit filename="src\core\resource.h" />
		<Unit filename="src\core\sdlapp.cpp" />
		<Unit filename="src\core\sdlapp.h" />
		<Unit filename="src\core\seeklog.cpp" />
		<Unit filename="src\core\seeklog.h" />
		<Unit filename="src\core\stringhash.cpp" />
		<Unit filename="src\core\stringhash.h" />
		<Unit filename="src\core\texture.cpp" />
		<Unit filename="src\core\texture.h" />
		<Unit filename="src\core\vectors.h" />
		<Unit filename="src\main.cpp" />
		<Unit filename="src\main.h" />
		<Unit filename="src\timetable.cpp" />
		<Unit filename="src\timetable.h" />
		<Unit filename="src\viewer.cpp" />
		<Unit filename="src\viewer.h" />
		<Extensions>
			<code_completion />
			<envvars />
			<debugger />
		</Extensions>
	</Project>
</CodeBlocks_project_file>
